// !$*UTF8*$!
{
	archiveVersion = 1;
	classes = {
	};
	objectVersion = 46;
	objects = {

/* Begin PBXBuildFile section */
		025DC6A9844A40DD8E0E6D97 /* Raleway-BlackItalic.ttf in Resources */ = {isa = PBXBuildFile; fileRef = 6A1B95FFF400472A8A0CF120 /* Raleway-BlackItalic.ttf */; };
		0C1CC503526F4732A0FB28A7 /* Raleway-MediumItalic.ttf in Resources */ = {isa = PBXBuildFile; fileRef = C443744D64BE4E27A4E243FD /* Raleway-MediumItalic.ttf */; };
		13B07FBC1A68108700A75B9A /* AppDelegate.m in Sources */ = {isa = PBXBuildFile; fileRef = 13B07FB01A68108700A75B9A /* AppDelegate.m */; };
		13B07FBD1A68108700A75B9A /* LaunchScreen.xib in Resources */ = {isa = PBXBuildFile; fileRef = 13B07FB11A68108700A75B9A /* LaunchScreen.xib */; };
		13B07FBF1A68108700A75B9A /* Images.xcassets in Resources */ = {isa = PBXBuildFile; fileRef = 13B07FB51A68108700A75B9A /* Images.xcassets */; };
		13B07FC11A68108700A75B9A /* main.m in Sources */ = {isa = PBXBuildFile; fileRef = 13B07FB71A68108700A75B9A /* main.m */; };
		1ED05D22200344C688CC6F76 /* Raleway-Bold.ttf in Resources */ = {isa = PBXBuildFile; fileRef = 14C2D8C00E8842C68AFC0B90 /* Raleway-Bold.ttf */; };
		3FEFCE860D8A4A13BEB8F812 /* Raleway-SemiBold.ttf in Resources */ = {isa = PBXBuildFile; fileRef = 933C3F9E51F34E368A048918 /* Raleway-SemiBold.ttf */; };
		480B9AB11D97472BAED692C5 /* Raleway-Italic.ttf in Resources */ = {isa = PBXBuildFile; fileRef = EE753A7D05014C33AA78F12E /* Raleway-Italic.ttf */; };
		5389336CC0954C64A54584E1 /* Raleway-Black.ttf in Resources */ = {isa = PBXBuildFile; fileRef = 6CCDE6766AB5458699619A64 /* Raleway-Black.ttf */; };
		539641CF23D62B8C00CE7700 /* ConektaManager.swift in Sources */ = {isa = PBXBuildFile; fileRef = 539641CE23D62B8C00CE7700 /* ConektaManager.swift */; };
		539641D123D62C3300CE7700 /* ConektaManager.m in Sources */ = {isa = PBXBuildFile; fileRef = 539641D023D62C3300CE7700 /* ConektaManager.m */; };
		539641E023D6498E00CE7700 /* ConektaSwift in Resources */ = {isa = PBXBuildFile; fileRef = 539641D823D6498E00CE7700 /* ConektaSwift */; };
		539641E123D6498E00CE7700 /* Card.m in Sources */ = {isa = PBXBuildFile; fileRef = 539641DB23D6498E00CE7700 /* Card.m */; };
		539641E223D6498E00CE7700 /* Conekta.m in Sources */ = {isa = PBXBuildFile; fileRef = 539641DC23D6498E00CE7700 /* Conekta.m */; };
		539641E323D6498E00CE7700 /* Connection.m in Sources */ = {isa = PBXBuildFile; fileRef = 539641DE23D6498E00CE7700 /* Connection.m */; };
		539641E423D6498E00CE7700 /* Token.m in Sources */ = {isa = PBXBuildFile; fileRef = 539641DF23D6498E00CE7700 /* Token.m */; };
		5EBDEDEBF12F4492A2B444C6 /* Raleway-ExtraLightItalic.ttf in Resources */ = {isa = PBXBuildFile; fileRef = 0B67C19ED0544241B94B4661 /* Raleway-ExtraLightItalic.ttf */; };
		71607767BFA8485B8DD96324 /* Raleway-Thin.ttf in Resources */ = {isa = PBXBuildFile; fileRef = 8056BF5F932348C886D75323 /* Raleway-Thin.ttf */; };
		7813D7D5F564412DA92A12C5 /* Raleway-Light.ttf in Resources */ = {isa = PBXBuildFile; fileRef = 9F163BBA109F47A28E1067BA /* Raleway-Light.ttf */; };
		8663D54B5A26466FAD6A6871 /* Raleway-LightItalic.ttf in Resources */ = {isa = PBXBuildFile; fileRef = 77AF240DE9A44927B0EC321A /* Raleway-LightItalic.ttf */; };
		8F52BF41E7E745AFA80E6E8A /* Raleway-ExtraBold.ttf in Resources */ = {isa = PBXBuildFile; fileRef = 2A192FE1F8BF4CBCA14D0B79 /* Raleway-ExtraBold.ttf */; };
		943789AB5ABE4E0C9ADB986F /* Raleway-BoldItalic.ttf in Resources */ = {isa = PBXBuildFile; fileRef = C8D0F88183824348BD79F2DD /* Raleway-BoldItalic.ttf */; };
		9CB7E02694C64D99A207F0D8 /* Raleway-SemiBoldItalic.ttf in Resources */ = {isa = PBXBuildFile; fileRef = C0042BB3C9F44EA79AFC75E8 /* Raleway-SemiBoldItalic.ttf */; };
		9F50EAB189844EB0A5EE7DB4 /* Raleway-ThinItalic.ttf in Resources */ = {isa = PBXBuildFile; fileRef = CE40C7B99F484C57BAC912EC /* Raleway-ThinItalic.ttf */; };
		A02471352F1A2760ACA2BD2B /* libPods-WeActiveTribe.a in Frameworks */ = {isa = PBXBuildFile; fileRef = 2203AAFBC3495085A58D7429 /* libPods-WeActiveTribe.a */; };
		B0E4CE217DD9433CB78F083C /* Raleway-Medium.ttf in Resources */ = {isa = PBXBuildFile; fileRef = DEC81997234446C7B3A384D0 /* Raleway-Medium.ttf */; };
		D33BF1D5354B42A08514F990 /* Raleway-ExtraBoldItalic.ttf in Resources */ = {isa = PBXBuildFile; fileRef = 0968C95DD7634F63B78D5A04 /* Raleway-ExtraBoldItalic.ttf */; };
		DD812B2C9B7940FDADB1CF3C /* Raleway-ExtraLight.ttf in Resources */ = {isa = PBXBuildFile; fileRef = 986863CD2A5E43469CE968F6 /* Raleway-ExtraLight.ttf */; };
		F7F4CB0578E845949E270A45 /* Raleway-Regular.ttf in Resources */ = {isa = PBXBuildFile; fileRef = CCDABE2D2F894A50B5B18A56 /* Raleway-Regular.ttf */; };
/* End PBXBuildFile section */

/* Begin PBXCopyFilesBuildPhase section */
		5333AD9D240F24F900550552 /* Embed Foundation Extensions */ = {
			isa = PBXCopyFilesBuildPhase;
			buildActionMask = 2147483647;
			dstPath = "";
			dstSubfolderSpec = 13;
			files = (
			);
			name = "Embed Foundation Extensions";
			runOnlyForDeploymentPostprocessing = 0;
		};
/* End PBXCopyFilesBuildPhase section */

/* Begin PBXFileReference section */
		008F07F21AC5B25A0029DE68 /* main.jsbundle */ = {isa = PBXFileReference; fileEncoding = 4; lastKnownFileType = text; path = main.jsbundle; sourceTree = "<group>"; };
		00E356F11AD99517003FC87E /* Info.plist */ = {isa = PBXFileReference; lastKnownFileType = text.plist.xml; path = Info.plist; sourceTree = "<group>"; };
		00E356F21AD99517003FC87E /* WeActiveTribeTests.m */ = {isa = PBXFileReference; lastKnownFileType = sourcecode.c.objc; path = WeActiveTribeTests.m; sourceTree = "<group>"; };
		0968C95DD7634F63B78D5A04 /* Raleway-ExtraBoldItalic.ttf */ = {isa = PBXFileReference; explicitFileType = undefined; fileEncoding = 9; includeInIndex = 0; lastKnownFileType = unknown; name = "Raleway-ExtraBoldItalic.ttf"; path = "../src/assets/fonts/Raleway/Raleway-ExtraBoldItalic.ttf"; sourceTree = "<group>"; };
		0B67C19ED0544241B94B4661 /* Raleway-ExtraLightItalic.ttf */ = {isa = PBXFileReference; explicitFileType = undefined; fileEncoding = 9; includeInIndex = 0; lastKnownFileType = unknown; name = "Raleway-ExtraLightItalic.ttf"; path = "../src/assets/fonts/Raleway/Raleway-ExtraLightItalic.ttf"; sourceTree = "<group>"; };
		13B07F961A680F5B00A75B9A /* WE.app */ = {isa = PBXFileReference; explicitFileType = wrapper.application; includeInIndex = 0; path = WE.app; sourceTree = BUILT_PRODUCTS_DIR; };
		13B07FAF1A68108700A75B9A /* AppDelegate.h */ = {isa = PBXFileReference; fileEncoding = 4; lastKnownFileType = sourcecode.c.h; name = AppDelegate.h; path = WeActiveTribe/AppDelegate.h; sourceTree = "<group>"; };
		13B07FB01A68108700A75B9A /* AppDelegate.m */ = {isa = PBXFileReference; fileEncoding = 4; lastKnownFileType = sourcecode.c.objc; name = AppDelegate.m; path = WeActiveTribe/AppDelegate.m; sourceTree = "<group>"; };
		13B07FB21A68108700A75B9A /* Base */ = {isa = PBXFileReference; lastKnownFileType = file.xib; name = Base; path = Base.lproj/LaunchScreen.xib; sourceTree = "<group>"; };
		13B07FB51A68108700A75B9A /* Images.xcassets */ = {isa = PBXFileReference; lastKnownFileType = folder.assetcatalog; name = Images.xcassets; path = WeActiveTribe/Images.xcassets; sourceTree = "<group>"; };
		13B07FB61A68108700A75B9A /* Info.plist */ = {isa = PBXFileReference; fileEncoding = 4; lastKnownFileType = text.plist.xml; name = Info.plist; path = WeActiveTribe/Info.plist; sourceTree = "<group>"; };
		13B07FB71A68108700A75B9A /* main.m */ = {isa = PBXFileReference; fileEncoding = 4; lastKnownFileType = sourcecode.c.objc; name = main.m; path = WeActiveTribe/main.m; sourceTree = "<group>"; };
		14C2D8C00E8842C68AFC0B90 /* Raleway-Bold.ttf */ = {isa = PBXFileReference; explicitFileType = undefined; fileEncoding = 9; includeInIndex = 0; lastKnownFileType = unknown; name = "Raleway-Bold.ttf"; path = "../src/assets/fonts/Raleway/Raleway-Bold.ttf"; sourceTree = "<group>"; };
		2203AAFBC3495085A58D7429 /* libPods-WeActiveTribe.a */ = {isa = PBXFileReference; explicitFileType = archive.ar; includeInIndex = 0; path = "libPods-WeActiveTribe.a"; sourceTree = BUILT_PRODUCTS_DIR; };
		2A192FE1F8BF4CBCA14D0B79 /* Raleway-ExtraBold.ttf */ = {isa = PBXFileReference; explicitFileType = undefined; fileEncoding = 9; includeInIndex = 0; lastKnownFileType = unknown; name = "Raleway-ExtraBold.ttf"; path = "../src/assets/fonts/Raleway/Raleway-ExtraBold.ttf"; sourceTree = "<group>"; };
		5333AD8C240F24C900550552 /* WE.entitlements */ = {isa = PBXFileReference; lastKnownFileType = text.plist.entitlements; name = WE.entitlements; path = WeActiveTribe/WE.entitlements; sourceTree = "<group>"; };
		5333AD93240F24F900550552 /* NotificationService.h */ = {isa = PBXFileReference; lastKnownFileType = sourcecode.c.h; path = NotificationService.h; sourceTree = "<group>"; };
		5333AD94240F24F900550552 /* NotificationService.m */ = {isa = PBXFileReference; lastKnownFileType = sourcecode.c.objc; path = NotificationService.m; sourceTree = "<group>"; };
		5333AD96240F24F900550552 /* Info.plist */ = {isa = PBXFileReference; lastKnownFileType = text.plist.xml; path = Info.plist; sourceTree = "<group>"; };
		539641CD23D62B8B00CE7700 /* Conekta-Manager-Bridging-Header.h */ = {isa = PBXFileReference; lastKnownFileType = sourcecode.c.h; path = "Conekta-Manager-Bridging-Header.h"; sourceTree = "<group>"; };
		539641CE23D62B8C00CE7700 /* ConektaManager.swift */ = {isa = PBXFileReference; lastKnownFileType = sourcecode.swift; path = ConektaManager.swift; sourceTree = "<group>"; };
		539641D023D62C3300CE7700 /* ConektaManager.m */ = {isa = PBXFileReference; lastKnownFileType = sourcecode.c.objc; path = ConektaManager.m; sourceTree = "<group>"; };
		539641D423D6498D00CE7700 /* Conekta.xcodeproj */ = {isa = PBXFileReference; lastKnownFileType = "wrapper.pb-project"; name = Conekta.xcodeproj; path = Conekta/Conekta.xcodeproj; sourceTree = "<group>"; };
		539641D723D6498E00CE7700 /* Token.h */ = {isa = PBXFileReference; fileEncoding = 4; lastKnownFileType = sourcecode.c.h; name = Token.h; path = Conekta/Token.h; sourceTree = "<group>"; };
		539641D823D6498E00CE7700 /* ConektaSwift */ = {isa = PBXFileReference; lastKnownFileType = folder; name = ConektaSwift; path = Conekta/ConektaSwift; sourceTree = "<group>"; };
		539641D923D6498E00CE7700 /* Card.h */ = {isa = PBXFileReference; fileEncoding = 4; lastKnownFileType = sourcecode.c.h; name = Card.h; path = Conekta/Card.h; sourceTree = "<group>"; };
		539641DA23D6498E00CE7700 /* Conekta.h */ = {isa = PBXFileReference; fileEncoding = 4; lastKnownFileType = sourcecode.c.h; name = Conekta.h; path = Conekta/Conekta.h; sourceTree = "<group>"; };
		539641DB23D6498E00CE7700 /* Card.m */ = {isa = PBXFileReference; fileEncoding = 4; lastKnownFileType = sourcecode.c.objc; name = Card.m; path = Conekta/Card.m; sourceTree = "<group>"; };
		539641DC23D6498E00CE7700 /* Conekta.m */ = {isa = PBXFileReference; fileEncoding = 4; lastKnownFileType = sourcecode.c.objc; name = Conekta.m; path = Conekta/Conekta.m; sourceTree = "<group>"; };
		539641DD23D6498E00CE7700 /* Connection.h */ = {isa = PBXFileReference; fileEncoding = 4; lastKnownFileType = sourcecode.c.h; name = Connection.h; path = Conekta/Connection.h; sourceTree = "<group>"; };
		539641DE23D6498E00CE7700 /* Connection.m */ = {isa = PBXFileReference; fileEncoding = 4; lastKnownFileType = sourcecode.c.objc; name = Connection.m; path = Conekta/Connection.m; sourceTree = "<group>"; };
		539641DF23D6498E00CE7700 /* Token.m */ = {isa = PBXFileReference; fileEncoding = 4; lastKnownFileType = sourcecode.c.objc; name = Token.m; path = Conekta/Token.m; sourceTree = "<group>"; };
		5D1C960D374ED06A196CDE04 /* Pods-WeActiveTribe.debug.xcconfig */ = {isa = PBXFileReference; includeInIndex = 1; lastKnownFileType = text.xcconfig; name = "Pods-WeActiveTribe.debug.xcconfig"; path = "Target Support Files/Pods-WeActiveTribe/Pods-WeActiveTribe.debug.xcconfig"; sourceTree = "<group>"; };
		6A1B95FFF400472A8A0CF120 /* Raleway-BlackItalic.ttf */ = {isa = PBXFileReference; explicitFileType = undefined; fileEncoding = 9; includeInIndex = 0; lastKnownFileType = unknown; name = "Raleway-BlackItalic.ttf"; path = "../src/assets/fonts/Raleway/Raleway-BlackItalic.ttf"; sourceTree = "<group>"; };
		6CCDE6766AB5458699619A64 /* Raleway-Black.ttf */ = {isa = PBXFileReference; explicitFileType = undefined; fileEncoding = 9; includeInIndex = 0; lastKnownFileType = unknown; name = "Raleway-Black.ttf"; path = "../src/assets/fonts/Raleway/Raleway-Black.ttf"; sourceTree = "<group>"; };
		77AF240DE9A44927B0EC321A /* Raleway-LightItalic.ttf */ = {isa = PBXFileReference; explicitFileType = undefined; fileEncoding = 9; includeInIndex = 0; lastKnownFileType = unknown; name = "Raleway-LightItalic.ttf"; path = "../src/assets/fonts/Raleway/Raleway-LightItalic.ttf"; sourceTree = "<group>"; };
		8056BF5F932348C886D75323 /* Raleway-Thin.ttf */ = {isa = PBXFileReference; explicitFileType = undefined; fileEncoding = 9; includeInIndex = 0; lastKnownFileType = unknown; name = "Raleway-Thin.ttf"; path = "../src/assets/fonts/Raleway/Raleway-Thin.ttf"; sourceTree = "<group>"; };
		89AD0BA4DB9416389E7AE551 /* Pods-WeActiveTribe.release.xcconfig */ = {isa = PBXFileReference; includeInIndex = 1; lastKnownFileType = text.xcconfig; name = "Pods-WeActiveTribe.release.xcconfig"; path = "Target Support Files/Pods-WeActiveTribe/Pods-WeActiveTribe.release.xcconfig"; sourceTree = "<group>"; };
		8F7464B8036E5D60E8AD067B /* Pods-WeActiveTribe-OneSignalNotificationServiceExtension.debug.xcconfig */ = {isa = PBXFileReference; includeInIndex = 1; lastKnownFileType = text.xcconfig; name = "Pods-WeActiveTribe-OneSignalNotificationServiceExtension.debug.xcconfig"; path = "Target Support Files/Pods-WeActiveTribe-OneSignalNotificationServiceExtension/Pods-WeActiveTribe-OneSignalNotificationServiceExtension.debug.xcconfig"; sourceTree = "<group>"; };
		933C3F9E51F34E368A048918 /* Raleway-SemiBold.ttf */ = {isa = PBXFileReference; explicitFileType = undefined; fileEncoding = 9; includeInIndex = 0; lastKnownFileType = unknown; name = "Raleway-SemiBold.ttf"; path = "../src/assets/fonts/Raleway/Raleway-SemiBold.ttf"; sourceTree = "<group>"; };
		986863CD2A5E43469CE968F6 /* Raleway-ExtraLight.ttf */ = {isa = PBXFileReference; explicitFileType = undefined; fileEncoding = 9; includeInIndex = 0; lastKnownFileType = unknown; name = "Raleway-ExtraLight.ttf"; path = "../src/assets/fonts/Raleway/Raleway-ExtraLight.ttf"; sourceTree = "<group>"; };
		9F163BBA109F47A28E1067BA /* Raleway-Light.ttf */ = {isa = PBXFileReference; explicitFileType = undefined; fileEncoding = 9; includeInIndex = 0; lastKnownFileType = unknown; name = "Raleway-Light.ttf"; path = "../src/assets/fonts/Raleway/Raleway-Light.ttf"; sourceTree = "<group>"; };
		C0042BB3C9F44EA79AFC75E8 /* Raleway-SemiBoldItalic.ttf */ = {isa = PBXFileReference; explicitFileType = undefined; fileEncoding = 9; includeInIndex = 0; lastKnownFileType = unknown; name = "Raleway-SemiBoldItalic.ttf"; path = "../src/assets/fonts/Raleway/Raleway-SemiBoldItalic.ttf"; sourceTree = "<group>"; };
		C3385DEC6EE54B18909E894D /* Pods-WeActiveTribe-OneSignalNotificationServiceExtension.release.xcconfig */ = {isa = PBXFileReference; includeInIndex = 1; lastKnownFileType = text.xcconfig; name = "Pods-WeActiveTribe-OneSignalNotificationServiceExtension.release.xcconfig"; path = "Target Support Files/Pods-WeActiveTribe-OneSignalNotificationServiceExtension/Pods-WeActiveTribe-OneSignalNotificationServiceExtension.release.xcconfig"; sourceTree = "<group>"; };
		C443744D64BE4E27A4E243FD /* Raleway-MediumItalic.ttf */ = {isa = PBXFileReference; explicitFileType = undefined; fileEncoding = 9; includeInIndex = 0; lastKnownFileType = unknown; name = "Raleway-MediumItalic.ttf"; path = "../src/assets/fonts/Raleway/Raleway-MediumItalic.ttf"; sourceTree = "<group>"; };
		C8D0F88183824348BD79F2DD /* Raleway-BoldItalic.ttf */ = {isa = PBXFileReference; explicitFileType = undefined; fileEncoding = 9; includeInIndex = 0; lastKnownFileType = unknown; name = "Raleway-BoldItalic.ttf"; path = "../src/assets/fonts/Raleway/Raleway-BoldItalic.ttf"; sourceTree = "<group>"; };
		CCDABE2D2F894A50B5B18A56 /* Raleway-Regular.ttf */ = {isa = PBXFileReference; explicitFileType = undefined; fileEncoding = 9; includeInIndex = 0; lastKnownFileType = unknown; name = "Raleway-Regular.ttf"; path = "../src/assets/fonts/Raleway/Raleway-Regular.ttf"; sourceTree = "<group>"; };
		CE40C7B99F484C57BAC912EC /* Raleway-ThinItalic.ttf */ = {isa = PBXFileReference; explicitFileType = undefined; fileEncoding = 9; includeInIndex = 0; lastKnownFileType = unknown; name = "Raleway-ThinItalic.ttf"; path = "../src/assets/fonts/Raleway/Raleway-ThinItalic.ttf"; sourceTree = "<group>"; };
		DEC81997234446C7B3A384D0 /* Raleway-Medium.ttf */ = {isa = PBXFileReference; explicitFileType = undefined; fileEncoding = 9; includeInIndex = 0; lastKnownFileType = unknown; name = "Raleway-Medium.ttf"; path = "../src/assets/fonts/Raleway/Raleway-Medium.ttf"; sourceTree = "<group>"; };
		ED297162215061F000B7C4FE /* JavaScriptCore.framework */ = {isa = PBXFileReference; lastKnownFileType = wrapper.framework; name = JavaScriptCore.framework; path = System/Library/Frameworks/JavaScriptCore.framework; sourceTree = SDKROOT; };
		ED2971642150620600B7C4FE /* JavaScriptCore.framework */ = {isa = PBXFileReference; lastKnownFileType = wrapper.framework; name = JavaScriptCore.framework; path = Platforms/AppleTVOS.platform/Developer/SDKs/AppleTVOS12.0.sdk/System/Library/Frameworks/JavaScriptCore.framework; sourceTree = DEVELOPER_DIR; };
		EE753A7D05014C33AA78F12E /* Raleway-Italic.ttf */ = {isa = PBXFileReference; explicitFileType = undefined; fileEncoding = 9; includeInIndex = 0; lastKnownFileType = unknown; name = "Raleway-Italic.ttf"; path = "../src/assets/fonts/Raleway/Raleway-Italic.ttf"; sourceTree = "<group>"; };
		F10FBE8389242C7DA44DDBDE /* libPods-WeActiveTribe-OneSignalNotificationServiceExtension.a */ = {isa = PBXFileReference; explicitFileType = archive.ar; includeInIndex = 0; path = "libPods-WeActiveTribe-OneSignalNotificationServiceExtension.a"; sourceTree = BUILT_PRODUCTS_DIR; };
/* End PBXFileReference section */

/* Begin PBXFrameworksBuildPhase section */
		13B07F8C1A680F5B00A75B9A /* Frameworks */ = {
			isa = PBXFrameworksBuildPhase;
			buildActionMask = 2147483647;
			files = (
				A02471352F1A2760ACA2BD2B /* libPods-WeActiveTribe.a in Frameworks */,
			);
			runOnlyForDeploymentPostprocessing = 0;
		};
/* End PBXFrameworksBuildPhase section */

/* Begin PBXGroup section */
		00E356EF1AD99517003FC87E /* WeActiveTribeTests */ = {
			isa = PBXGroup;
			children = (
				00E356F21AD99517003FC87E /* WeActiveTribeTests.m */,
				00E356F01AD99517003FC87E /* Supporting Files */,
			);
			path = WeActiveTribeTests;
			sourceTree = "<group>";
		};
		00E356F01AD99517003FC87E /* Supporting Files */ = {
			isa = PBXGroup;
			children = (
				00E356F11AD99517003FC87E /* Info.plist */,
			);
			name = "Supporting Files";
			sourceTree = "<group>";
		};
		13B07FAE1A68108700A75B9A /* WeActiveTribe */ = {
			isa = PBXGroup;
			children = (
				5333AD8C240F24C900550552 /* WE.entitlements */,
				539641D323D6492B00CE7700 /* Conekta */,
				539641CE23D62B8C00CE7700 /* ConektaManager.swift */,
				008F07F21AC5B25A0029DE68 /* main.jsbundle */,
				13B07FAF1A68108700A75B9A /* AppDelegate.h */,
				13B07FB01A68108700A75B9A /* AppDelegate.m */,
				13B07FB51A68108700A75B9A /* Images.xcassets */,
				13B07FB61A68108700A75B9A /* Info.plist */,
				13B07FB11A68108700A75B9A /* LaunchScreen.xib */,
				13B07FB71A68108700A75B9A /* main.m */,
				539641CD23D62B8B00CE7700 /* Conekta-Manager-Bridging-Header.h */,
				539641D023D62C3300CE7700 /* ConektaManager.m */,
			);
			name = WeActiveTribe;
			sourceTree = "<group>";
		};
		2D16E6871FA4F8E400B85C8A /* Frameworks */ = {
			isa = PBXGroup;
			children = (
				ED297162215061F000B7C4FE /* JavaScriptCore.framework */,
				ED2971642150620600B7C4FE /* JavaScriptCore.framework */,
				2203AAFBC3495085A58D7429 /* libPods-WeActiveTribe.a */,
				F10FBE8389242C7DA44DDBDE /* libPods-WeActiveTribe-OneSignalNotificationServiceExtension.a */,
			);
			name = Frameworks;
			sourceTree = "<group>";
		};
		308AA8AEB16B8C4AA2C438E8 /* Pods */ = {
			isa = PBXGroup;
			children = (
				5D1C960D374ED06A196CDE04 /* Pods-WeActiveTribe.debug.xcconfig */,
				89AD0BA4DB9416389E7AE551 /* Pods-WeActiveTribe.release.xcconfig */,
				8F7464B8036E5D60E8AD067B /* Pods-WeActiveTribe-OneSignalNotificationServiceExtension.debug.xcconfig */,
				C3385DEC6EE54B18909E894D /* Pods-WeActiveTribe-OneSignalNotificationServiceExtension.release.xcconfig */,
			);
			path = Pods;
			sourceTree = "<group>";
		};
		5333AD92240F24F900550552 /* OneSignalNotificationServiceExtension */ = {
			isa = PBXGroup;
			children = (
				5333AD93240F24F900550552 /* NotificationService.h */,
				5333AD94240F24F900550552 /* NotificationService.m */,
				5333AD96240F24F900550552 /* Info.plist */,
			);
			path = OneSignalNotificationServiceExtension;
			sourceTree = "<group>";
		};
		539641D323D6492B00CE7700 /* Conekta */ = {
			isa = PBXGroup;
			children = (
				539641D923D6498E00CE7700 /* Card.h */,
				539641DB23D6498E00CE7700 /* Card.m */,
				539641DA23D6498E00CE7700 /* Conekta.h */,
				539641DC23D6498E00CE7700 /* Conekta.m */,
				539641D423D6498D00CE7700 /* Conekta.xcodeproj */,
				539641D823D6498E00CE7700 /* ConektaSwift */,
				539641DD23D6498E00CE7700 /* Connection.h */,
				539641DE23D6498E00CE7700 /* Connection.m */,
				539641D723D6498E00CE7700 /* Token.h */,
				539641DF23D6498E00CE7700 /* Token.m */,
			);
			name = Conekta;
			sourceTree = "<group>";
		};
		539641D523D6498D00CE7700 /* Products */ = {
			isa = PBXGroup;
			children = (
			);
			name = Products;
			sourceTree = "<group>";
		};
		832341AE1AAA6A7D00B99B32 /* Libraries */ = {
			isa = PBXGroup;
			children = (
			);
			name = Libraries;
			sourceTree = "<group>";
		};
		83CBB9F61A601CBA00E9B192 = {
			isa = PBXGroup;
			children = (
				13B07FAE1A68108700A75B9A /* WeActiveTribe */,
				832341AE1AAA6A7D00B99B32 /* Libraries */,
				00E356EF1AD99517003FC87E /* WeActiveTribeTests */,
				5333AD92240F24F900550552 /* OneSignalNotificationServiceExtension */,
				83CBBA001A601CBA00E9B192 /* Products */,
				2D16E6871FA4F8E400B85C8A /* Frameworks */,
				308AA8AEB16B8C4AA2C438E8 /* Pods */,
				C3E0AB758EB04B52BDCD52CB /* Resources */,
			);
			indentWidth = 2;
			sourceTree = "<group>";
			tabWidth = 2;
			usesTabs = 0;
		};
		83CBBA001A601CBA00E9B192 /* Products */ = {
			isa = PBXGroup;
			children = (
				13B07F961A680F5B00A75B9A /* WE.app */,
			);
			name = Products;
			sourceTree = "<group>";
		};
		C3E0AB758EB04B52BDCD52CB /* Resources */ = {
			isa = PBXGroup;
			children = (
				6CCDE6766AB5458699619A64 /* Raleway-Black.ttf */,
				6A1B95FFF400472A8A0CF120 /* Raleway-BlackItalic.ttf */,
				14C2D8C00E8842C68AFC0B90 /* Raleway-Bold.ttf */,
				C8D0F88183824348BD79F2DD /* Raleway-BoldItalic.ttf */,
				2A192FE1F8BF4CBCA14D0B79 /* Raleway-ExtraBold.ttf */,
				0968C95DD7634F63B78D5A04 /* Raleway-ExtraBoldItalic.ttf */,
				986863CD2A5E43469CE968F6 /* Raleway-ExtraLight.ttf */,
				0B67C19ED0544241B94B4661 /* Raleway-ExtraLightItalic.ttf */,
				EE753A7D05014C33AA78F12E /* Raleway-Italic.ttf */,
				9F163BBA109F47A28E1067BA /* Raleway-Light.ttf */,
				77AF240DE9A44927B0EC321A /* Raleway-LightItalic.ttf */,
				DEC81997234446C7B3A384D0 /* Raleway-Medium.ttf */,
				C443744D64BE4E27A4E243FD /* Raleway-MediumItalic.ttf */,
				CCDABE2D2F894A50B5B18A56 /* Raleway-Regular.ttf */,
				933C3F9E51F34E368A048918 /* Raleway-SemiBold.ttf */,
				C0042BB3C9F44EA79AFC75E8 /* Raleway-SemiBoldItalic.ttf */,
				8056BF5F932348C886D75323 /* Raleway-Thin.ttf */,
				CE40C7B99F484C57BAC912EC /* Raleway-ThinItalic.ttf */,
			);
			name = Resources;
			sourceTree = "<group>";
		};
/* End PBXGroup section */

/* Begin PBXNativeTarget section */
		13B07F861A680F5B00A75B9A /* WeActiveTribe */ = {
			isa = PBXNativeTarget;
			buildConfigurationList = 13B07F931A680F5B00A75B9A /* Build configuration list for PBXNativeTarget "WeActiveTribe" */;
			buildPhases = (
				5DB59B856F73B705A942661C /* [CP] Check Pods Manifest.lock */,
				FD10A7F022414F080027D42C /* Start Packager */,
				13B07F871A680F5B00A75B9A /* Sources */,
				13B07F8C1A680F5B00A75B9A /* Frameworks */,
				13B07F8E1A680F5B00A75B9A /* Resources */,
				00DD1BFF1BD5951E006B06BC /* Bundle React Native code and images */,
				5333AD9D240F24F900550552 /* Embed Foundation Extensions */,
				71DE95394223CE125A242EA5 /* [CP] Embed Pods Frameworks */,
				F98E7193347722209EBF719D /* [CP] Copy Pods Resources */,
			);
			buildRules = (
			);
			dependencies = (
			);
			name = WeActiveTribe;
			productName = WeActiveTribe;
			productReference = 13B07F961A680F5B00A75B9A /* WE.app */;
			productType = "com.apple.product-type.application";
		};
/* End PBXNativeTarget section */

/* Begin PBXProject section */
		83CBB9F71A601CBA00E9B192 /* Project object */ = {
			isa = PBXProject;
			attributes = {
				DefaultBuildSystemTypeForWorkspace = Original;
				LastUpgradeCheck = 1420;
				ORGANIZATIONNAME = Facebook;
				TargetAttributes = {
					13B07F861A680F5B00A75B9A = {
						DevelopmentTeam = X2843K3GLC;
						LastSwiftMigration = 1130;
					};
				};
			};
			buildConfigurationList = 83CBB9FA1A601CBA00E9B192 /* Build configuration list for PBXProject "WeActiveTribe" */;
			compatibilityVersion = "Xcode 3.2";
			developmentRegion = English;
			hasScannedForEncodings = 0;
			knownRegions = (
				English,
				en,
				Base,
			);
			mainGroup = 83CBB9F61A601CBA00E9B192;
			productRefGroup = 83CBBA001A601CBA00E9B192 /* Products */;
			projectDirPath = "";
			projectReferences = (
				{
					ProductGroup = 539641D523D6498D00CE7700 /* Products */;
					ProjectRef = 539641D423D6498D00CE7700 /* Conekta.xcodeproj */;
				},
			);
			projectRoot = "";
			targets = (
				13B07F861A680F5B00A75B9A /* WeActiveTribe */,
			);
		};
/* End PBXProject section */

/* Begin PBXResourcesBuildPhase section */
		13B07F8E1A680F5B00A75B9A /* Resources */ = {
			isa = PBXResourcesBuildPhase;
			buildActionMask = 2147483647;
			files = (
				13B07FBF1A68108700A75B9A /* Images.xcassets in Resources */,
				13B07FBD1A68108700A75B9A /* LaunchScreen.xib in Resources */,
				539641E023D6498E00CE7700 /* ConektaSwift in Resources */,
				5389336CC0954C64A54584E1 /* Raleway-Black.ttf in Resources */,
				025DC6A9844A40DD8E0E6D97 /* Raleway-BlackItalic.ttf in Resources */,
				1ED05D22200344C688CC6F76 /* Raleway-Bold.ttf in Resources */,
				943789AB5ABE4E0C9ADB986F /* Raleway-BoldItalic.ttf in Resources */,
				8F52BF41E7E745AFA80E6E8A /* Raleway-ExtraBold.ttf in Resources */,
				D33BF1D5354B42A08514F990 /* Raleway-ExtraBoldItalic.ttf in Resources */,
				DD812B2C9B7940FDADB1CF3C /* Raleway-ExtraLight.ttf in Resources */,
				5EBDEDEBF12F4492A2B444C6 /* Raleway-ExtraLightItalic.ttf in Resources */,
				480B9AB11D97472BAED692C5 /* Raleway-Italic.ttf in Resources */,
				7813D7D5F564412DA92A12C5 /* Raleway-Light.ttf in Resources */,
				8663D54B5A26466FAD6A6871 /* Raleway-LightItalic.ttf in Resources */,
				B0E4CE217DD9433CB78F083C /* Raleway-Medium.ttf in Resources */,
				0C1CC503526F4732A0FB28A7 /* Raleway-MediumItalic.ttf in Resources */,
				F7F4CB0578E845949E270A45 /* Raleway-Regular.ttf in Resources */,
				3FEFCE860D8A4A13BEB8F812 /* Raleway-SemiBold.ttf in Resources */,
				9CB7E02694C64D99A207F0D8 /* Raleway-SemiBoldItalic.ttf in Resources */,
				71607767BFA8485B8DD96324 /* Raleway-Thin.ttf in Resources */,
				9F50EAB189844EB0A5EE7DB4 /* Raleway-ThinItalic.ttf in Resources */,
			);
			runOnlyForDeploymentPostprocessing = 0;
		};
/* End PBXResourcesBuildPhase section */

/* Begin PBXShellScriptBuildPhase section */
		00DD1BFF1BD5951E006B06BC /* Bundle React Native code and images */ = {
			isa = PBXShellScriptBuildPhase;
			buildActionMask = 2147483647;
			files = (
			);
			inputPaths = (
			);
			name = "Bundle React Native code and images";
			outputPaths = (
			);
			runOnlyForDeploymentPostprocessing = 0;
			shellPath = /bin/sh;
			shellScript = "export NODE_BINARY=node\n../node_modules/react-native/scripts/react-native-xcode.sh";
		};
		5DB59B856F73B705A942661C /* [CP] Check Pods Manifest.lock */ = {
			isa = PBXShellScriptBuildPhase;
			buildActionMask = 2147483647;
			files = (
			);
			inputFileListPaths = (
			);
			inputPaths = (
				"${PODS_PODFILE_DIR_PATH}/Podfile.lock",
				"${PODS_ROOT}/Manifest.lock",
			);
			name = "[CP] Check Pods Manifest.lock";
			outputFileListPaths = (
			);
			outputPaths = (
				"$(DERIVED_FILE_DIR)/Pods-WeActiveTribe-checkManifestLockResult.txt",
			);
			runOnlyForDeploymentPostprocessing = 0;
			shellPath = /bin/sh;
			shellScript = "diff \"${PODS_PODFILE_DIR_PATH}/Podfile.lock\" \"${PODS_ROOT}/Manifest.lock\" > /dev/null\nif [ $? != 0 ] ; then\n    # print error to STDERR\n    echo \"error: The sandbox is not in sync with the Podfile.lock. Run 'pod install' or update your CocoaPods installation.\" >&2\n    exit 1\nfi\n# This output is used by Xcode 'outputs' to avoid re-running this script phase.\necho \"SUCCESS\" > \"${SCRIPT_OUTPUT_FILE_0}\"\n";
			showEnvVarsInLog = 0;
		};
		71DE95394223CE125A242EA5 /* [CP] Embed Pods Frameworks */ = {
			isa = PBXShellScriptBuildPhase;
			buildActionMask = 2147483647;
			files = (
			);
			inputPaths = (
				"${PODS_ROOT}/Target Support Files/Pods-WeActiveTribe/Pods-WeActiveTribe-frameworks.sh",
				"${PODS_XCFRAMEWORKS_BUILD_DIR}/OneSignalXCFramework/OneSignal.framework/OneSignal",
				"${PODS_XCFRAMEWORKS_BUILD_DIR}/OneSignalXCFramework/OneSignalCore/OneSignalCore.framework/OneSignalCore",
				"${PODS_XCFRAMEWORKS_BUILD_DIR}/OneSignalXCFramework/OneSignalExtension/OneSignalExtension.framework/OneSignalExtension",
				"${PODS_XCFRAMEWORKS_BUILD_DIR}/OneSignalXCFramework/OneSignalOutcomes/OneSignalOutcomes.framework/OneSignalOutcomes",
			);
			name = "[CP] Embed Pods Frameworks";
			outputPaths = (
				"${TARGET_BUILD_DIR}/${FRAMEWORKS_FOLDER_PATH}/OneSignal.framework",
				"${TARGET_BUILD_DIR}/${FRAMEWORKS_FOLDER_PATH}/OneSignalCore.framework",
				"${TARGET_BUILD_DIR}/${FRAMEWORKS_FOLDER_PATH}/OneSignalExtension.framework",
				"${TARGET_BUILD_DIR}/${FRAMEWORKS_FOLDER_PATH}/OneSignalOutcomes.framework",
			);
			runOnlyForDeploymentPostprocessing = 0;
			shellPath = /bin/sh;
			shellScript = "\"${PODS_ROOT}/Target Support Files/Pods-WeActiveTribe/Pods-WeActiveTribe-frameworks.sh\"\n";
			showEnvVarsInLog = 0;
		};
		F98E7193347722209EBF719D /* [CP] Copy Pods Resources */ = {
			isa = PBXShellScriptBuildPhase;
			buildActionMask = 2147483647;
			files = (
			);
			inputPaths = (
				"${PODS_ROOT}/Target Support Files/Pods-WeActiveTribe/Pods-WeActiveTribe-resources.sh",
				"${PODS_ROOT}/../../node_modules/react-native-vector-icons/Fonts/AntDesign.ttf",
				"${PODS_ROOT}/../../node_modules/react-native-vector-icons/Fonts/Entypo.ttf",
				"${PODS_ROOT}/../../node_modules/react-native-vector-icons/Fonts/EvilIcons.ttf",
				"${PODS_ROOT}/../../node_modules/react-native-vector-icons/Fonts/Feather.ttf",
				"${PODS_ROOT}/../../node_modules/react-native-vector-icons/Fonts/FontAwesome.ttf",
				"${PODS_ROOT}/../../node_modules/react-native-vector-icons/Fonts/FontAwesome5_Brands.ttf",
				"${PODS_ROOT}/../../node_modules/react-native-vector-icons/Fonts/FontAwesome5_Regular.ttf",
				"${PODS_ROOT}/../../node_modules/react-native-vector-icons/Fonts/FontAwesome5_Solid.ttf",
				"${PODS_ROOT}/../../node_modules/react-native-vector-icons/Fonts/Fontisto.ttf",
				"${PODS_ROOT}/../../node_modules/react-native-vector-icons/Fonts/Foundation.ttf",
				"${PODS_ROOT}/../../node_modules/react-native-vector-icons/Fonts/Ionicons.ttf",
				"${PODS_ROOT}/../../node_modules/react-native-vector-icons/Fonts/MaterialCommunityIcons.ttf",
				"${PODS_ROOT}/../../node_modules/react-native-vector-icons/Fonts/MaterialIcons.ttf",
				"${PODS_ROOT}/../../node_modules/react-native-vector-icons/Fonts/Octicons.ttf",
				"${PODS_ROOT}/../../node_modules/react-native-vector-icons/Fonts/SimpleLineIcons.ttf",
				"${PODS_ROOT}/../../node_modules/react-native-vector-icons/Fonts/Zocial.ttf",
			);
			name = "[CP] Copy Pods Resources";
			outputPaths = (
				"${TARGET_BUILD_DIR}/${UNLOCALIZED_RESOURCES_FOLDER_PATH}/AntDesign.ttf",
				"${TARGET_BUILD_DIR}/${UNLOCALIZED_RESOURCES_FOLDER_PATH}/Entypo.ttf",
				"${TARGET_BUILD_DIR}/${UNLOCALIZED_RESOURCES_FOLDER_PATH}/EvilIcons.ttf",
				"${TARGET_BUILD_DIR}/${UNLOCALIZED_RESOURCES_FOLDER_PATH}/Feather.ttf",
				"${TARGET_BUILD_DIR}/${UNLOCALIZED_RESOURCES_FOLDER_PATH}/FontAwesome.ttf",
				"${TARGET_BUILD_DIR}/${UNLOCALIZED_RESOURCES_FOLDER_PATH}/FontAwesome5_Brands.ttf",
				"${TARGET_BUILD_DIR}/${UNLOCALIZED_RESOURCES_FOLDER_PATH}/FontAwesome5_Regular.ttf",
				"${TARGET_BUILD_DIR}/${UNLOCALIZED_RESOURCES_FOLDER_PATH}/FontAwesome5_Solid.ttf",
				"${TARGET_BUILD_DIR}/${UNLOCALIZED_RESOURCES_FOLDER_PATH}/Fontisto.ttf",
				"${TARGET_BUILD_DIR}/${UNLOCALIZED_RESOURCES_FOLDER_PATH}/Foundation.ttf",
				"${TARGET_BUILD_DIR}/${UNLOCALIZED_RESOURCES_FOLDER_PATH}/Ionicons.ttf",
				"${TARGET_BUILD_DIR}/${UNLOCALIZED_RESOURCES_FOLDER_PATH}/MaterialCommunityIcons.ttf",
				"${TARGET_BUILD_DIR}/${UNLOCALIZED_RESOURCES_FOLDER_PATH}/MaterialIcons.ttf",
				"${TARGET_BUILD_DIR}/${UNLOCALIZED_RESOURCES_FOLDER_PATH}/Octicons.ttf",
				"${TARGET_BUILD_DIR}/${UNLOCALIZED_RESOURCES_FOLDER_PATH}/SimpleLineIcons.ttf",
				"${TARGET_BUILD_DIR}/${UNLOCALIZED_RESOURCES_FOLDER_PATH}/Zocial.ttf",
			);
			runOnlyForDeploymentPostprocessing = 0;
			shellPath = /bin/sh;
			shellScript = "\"${PODS_ROOT}/Target Support Files/Pods-WeActiveTribe/Pods-WeActiveTribe-resources.sh\"\n";
			showEnvVarsInLog = 0;
		};
		FD10A7F022414F080027D42C /* Start Packager */ = {
			isa = PBXShellScriptBuildPhase;
			buildActionMask = 2147483647;
			files = (
			);
			inputFileListPaths = (
			);
			inputPaths = (
			);
			name = "Start Packager";
			outputFileListPaths = (
			);
			outputPaths = (
			);
			runOnlyForDeploymentPostprocessing = 0;
			shellPath = /bin/sh;
			shellScript = "export RCT_METRO_PORT=\"${RCT_METRO_PORT:=8081}\"\necho \"export RCT_METRO_PORT=${RCT_METRO_PORT}\" > \"${SRCROOT}/../node_modules/react-native/scripts/.packager.env\"\nif [ -z \"${RCT_NO_LAUNCH_PACKAGER+xxx}\" ] ; then\n  if nc -w 5 -z localhost ${RCT_METRO_PORT} ; then\n    if ! curl -s \"http://localhost:${RCT_METRO_PORT}/status\" | grep -q \"packager-status:running\" ; then\n      echo \"Port ${RCT_METRO_PORT} already in use, packager is either not running or not running correctly\"\n      exit 2\n    fi\n  else\n    open \"$SRCROOT/../node_modules/react-native/scripts/launchPackager.command\" || echo \"Can't start packager automatically\"\n  fi\nfi\n";
			showEnvVarsInLog = 0;
		};
/* End PBXShellScriptBuildPhase section */

/* Begin PBXSourcesBuildPhase section */
		13B07F871A680F5B00A75B9A /* Sources */ = {
			isa = PBXSourcesBuildPhase;
			buildActionMask = 2147483647;
			files = (
				539641E123D6498E00CE7700 /* Card.m in Sources */,
				539641E323D6498E00CE7700 /* Connection.m in Sources */,
				539641E223D6498E00CE7700 /* Conekta.m in Sources */,
				539641E423D6498E00CE7700 /* Token.m in Sources */,
				13B07FBC1A68108700A75B9A /* AppDelegate.m in Sources */,
				539641D123D62C3300CE7700 /* ConektaManager.m in Sources */,
				539641CF23D62B8C00CE7700 /* ConektaManager.swift in Sources */,
				13B07FC11A68108700A75B9A /* main.m in Sources */,
			);
			runOnlyForDeploymentPostprocessing = 0;
		};
/* End PBXSourcesBuildPhase section */

/* Begin PBXVariantGroup section */
		13B07FB11A68108700A75B9A /* LaunchScreen.xib */ = {
			isa = PBXVariantGroup;
			children = (
				13B07FB21A68108700A75B9A /* Base */,
			);
			name = LaunchScreen.xib;
			path = WeActiveTribe;
			sourceTree = "<group>";
		};
/* End PBXVariantGroup section */

/* Begin XCBuildConfiguration section */
		13B07F941A680F5B00A75B9A /* Debug */ = {
			isa = XCBuildConfiguration;
			baseConfigurationReference = 5D1C960D374ED06A196CDE04 /* Pods-WeActiveTribe.debug.xcconfig */;
			buildSettings = {
				ASSETCATALOG_COMPILER_APPICON_NAME = AppIcon;
				CLANG_ENABLE_MODULES = YES;
				CODE_SIGN_ENTITLEMENTS = WeActiveTribe/WE.entitlements;
				CURRENT_PROJECT_VERSION = 1;
				DEAD_CODE_STRIPPING = YES;
				DEVELOPMENT_TEAM = X2843K3GLC;
				EXCLUDED_ARCHS = arm64;
				FRAMEWORK_SEARCH_PATHS = "$(inherited)";
				INFOPLIST_FILE = WeActiveTribe/Info.plist;
				IPHONEOS_DEPLOYMENT_TARGET = 13.2;
				LD_RUNPATH_SEARCH_PATHS = "$(inherited) @executable_path/Frameworks";
				LIBRARY_SEARCH_PATHS = (
					"$(inherited)",
					"\"${PODS_CONFIGURATION_BUILD_DIR}/BVLinearGradient\"",
					"\"${PODS_CONFIGURATION_BUILD_DIR}/DoubleConversion\"",
					"\"${PODS_CONFIGURATION_BUILD_DIR}/FBReactNativeSpec\"",
					"\"${PODS_CONFIGURATION_BUILD_DIR}/Folly\"",
					"\"${PODS_CONFIGURATION_BUILD_DIR}/RCTTypeSafety\"",
					"\"${PODS_CONFIGURATION_BUILD_DIR}/RNCAsyncStorage\"",
					"\"${PODS_CONFIGURATION_BUILD_DIR}/RNCMaskedView\"",
					"\"${PODS_CONFIGURATION_BUILD_DIR}/RNGestureHandler\"",
					"\"${PODS_CONFIGURATION_BUILD_DIR}/RNReanimated\"",
					"\"${PODS_CONFIGURATION_BUILD_DIR}/RNSVG\"",
					"\"${PODS_CONFIGURATION_BUILD_DIR}/RNScreens\"",
					"\"${PODS_CONFIGURATION_BUILD_DIR}/React-Core\"",
					"\"${PODS_CONFIGURATION_BUILD_DIR}/React-CoreModules\"",
					"\"${PODS_CONFIGURATION_BUILD_DIR}/React-RCTActionSheet\"",
					"\"${PODS_CONFIGURATION_BUILD_DIR}/React-RCTAnimation\"",
					"\"${PODS_CONFIGURATION_BUILD_DIR}/React-RCTBlob\"",
					"\"${PODS_CONFIGURATION_BUILD_DIR}/React-RCTImage\"",
					"\"${PODS_CONFIGURATION_BUILD_DIR}/React-RCTLinking\"",
					"\"${PODS_CONFIGURATION_BUILD_DIR}/React-RCTNetwork\"",
					"\"${PODS_CONFIGURATION_BUILD_DIR}/React-RCTSettings\"",
					"\"${PODS_CONFIGURATION_BUILD_DIR}/React-RCTText\"",
					"\"${PODS_CONFIGURATION_BUILD_DIR}/React-RCTVibration\"",
					"\"${PODS_CONFIGURATION_BUILD_DIR}/React-cxxreact\"",
					"\"${PODS_CONFIGURATION_BUILD_DIR}/React-jsi\"",
					"\"${PODS_CONFIGURATION_BUILD_DIR}/React-jsiexecutor\"",
					"\"${PODS_CONFIGURATION_BUILD_DIR}/React-jsinspector\"",
					"\"${PODS_CONFIGURATION_BUILD_DIR}/ReactCommon\"",
					"\"${PODS_CONFIGURATION_BUILD_DIR}/Yoga\"",
					"\"${PODS_CONFIGURATION_BUILD_DIR}/glog\"",
					"\"${PODS_CONFIGURATION_BUILD_DIR}/react-native-safe-area-context\"",
					"\"$(PROJECT_DIR)/Conekta\"",
				);
				MARKETING_VERSION = 1.0.15;
				OTHER_LDFLAGS = (
					"$(inherited)",
					"-ObjC",
					"-lc++",
				);
				PRODUCT_BUNDLE_IDENTIFIER = com.coatilabs.weactive;
				PRODUCT_NAME = WE;
				SWIFT_OBJC_BRIDGING_HEADER = "Conekta-Manager-Bridging-Header.h";
				SWIFT_OPTIMIZATION_LEVEL = "-Onone";
				SWIFT_VERSION = 5.0;
				TARGETED_DEVICE_FAMILY = 1;
				VERSIONING_SYSTEM = "apple-generic";
			};
			name = Debug;
		};
		13B07F951A680F5B00A75B9A /* Release */ = {
			isa = XCBuildConfiguration;
			baseConfigurationReference = 89AD0BA4DB9416389E7AE551 /* Pods-WeActiveTribe.release.xcconfig */;
			buildSettings = {
				ASSETCATALOG_COMPILER_APPICON_NAME = AppIcon;
				CLANG_ENABLE_MODULES = YES;
				CODE_SIGN_ENTITLEMENTS = WeActiveTribe/WE.entitlements;
				CURRENT_PROJECT_VERSION = 1;
				DEAD_CODE_STRIPPING = YES;
				DEVELOPMENT_TEAM = X2843K3GLC;
				EXCLUDED_ARCHS = arm64;
				FRAMEWORK_SEARCH_PATHS = "$(inherited)";
				INFOPLIST_FILE = WeActiveTribe/Info.plist;
				IPHONEOS_DEPLOYMENT_TARGET = 13.2;
				LD_RUNPATH_SEARCH_PATHS = "$(inherited) @executable_path/Frameworks";
				LIBRARY_SEARCH_PATHS = (
					"$(inherited)",
					"\"${PODS_CONFIGURATION_BUILD_DIR}/BVLinearGradient\"",
					"\"${PODS_CONFIGURATION_BUILD_DIR}/DoubleConversion\"",
					"\"${PODS_CONFIGURATION_BUILD_DIR}/FBReactNativeSpec\"",
					"\"${PODS_CONFIGURATION_BUILD_DIR}/Folly\"",
					"\"${PODS_CONFIGURATION_BUILD_DIR}/RCTTypeSafety\"",
					"\"${PODS_CONFIGURATION_BUILD_DIR}/RNCAsyncStorage\"",
					"\"${PODS_CONFIGURATION_BUILD_DIR}/RNCMaskedView\"",
					"\"${PODS_CONFIGURATION_BUILD_DIR}/RNGestureHandler\"",
					"\"${PODS_CONFIGURATION_BUILD_DIR}/RNReanimated\"",
					"\"${PODS_CONFIGURATION_BUILD_DIR}/RNSVG\"",
					"\"${PODS_CONFIGURATION_BUILD_DIR}/RNScreens\"",
					"\"${PODS_CONFIGURATION_BUILD_DIR}/React-Core\"",
					"\"${PODS_CONFIGURATION_BUILD_DIR}/React-CoreModules\"",
					"\"${PODS_CONFIGURATION_BUILD_DIR}/React-RCTActionSheet\"",
					"\"${PODS_CONFIGURATION_BUILD_DIR}/React-RCTAnimation\"",
					"\"${PODS_CONFIGURATION_BUILD_DIR}/React-RCTBlob\"",
					"\"${PODS_CONFIGURATION_BUILD_DIR}/React-RCTImage\"",
					"\"${PODS_CONFIGURATION_BUILD_DIR}/React-RCTLinking\"",
					"\"${PODS_CONFIGURATION_BUILD_DIR}/React-RCTNetwork\"",
					"\"${PODS_CONFIGURATION_BUILD_DIR}/React-RCTSettings\"",
					"\"${PODS_CONFIGURATION_BUILD_DIR}/React-RCTText\"",
					"\"${PODS_CONFIGURATION_BUILD_DIR}/React-RCTVibration\"",
					"\"${PODS_CONFIGURATION_BUILD_DIR}/React-cxxreact\"",
					"\"${PODS_CONFIGURATION_BUILD_DIR}/React-jsi\"",
					"\"${PODS_CONFIGURATION_BUILD_DIR}/React-jsiexecutor\"",
					"\"${PODS_CONFIGURATION_BUILD_DIR}/React-jsinspector\"",
					"\"${PODS_CONFIGURATION_BUILD_DIR}/ReactCommon\"",
					"\"${PODS_CONFIGURATION_BUILD_DIR}/Yoga\"",
					"\"${PODS_CONFIGURATION_BUILD_DIR}/glog\"",
					"\"${PODS_CONFIGURATION_BUILD_DIR}/react-native-safe-area-context\"",
					"\"$(PROJECT_DIR)/Conekta\"",
				);
				MARKETING_VERSION = 1.0.15;
				OTHER_LDFLAGS = (
					"$(inherited)",
					"-ObjC",
					"-lc++",
				);
				PRODUCT_BUNDLE_IDENTIFIER = com.coatilabs.weactive;
				PRODUCT_NAME = WE;
				SWIFT_OBJC_BRIDGING_HEADER = "Conekta-Manager-Bridging-Header.h";
				SWIFT_VERSION = 5.0;
				TARGETED_DEVICE_FAMILY = 1;
				VERSIONING_SYSTEM = "apple-generic";
			};
			name = Release;
		};
		83CBBA201A601CBA00E9B192 /* Debug */ = {
			isa = XCBuildConfiguration;
			buildSettings = {
				ALWAYS_SEARCH_USER_PATHS = NO;
				CLANG_ANALYZER_LOCALIZABILITY_NONLOCALIZED = YES;
				CLANG_CXX_LANGUAGE_STANDARD = "gnu++0x";
				CLANG_CXX_LIBRARY = "libc++";
				CLANG_ENABLE_MODULES = YES;
				CLANG_ENABLE_OBJC_ARC = YES;
				CLANG_WARN_BLOCK_CAPTURE_AUTORELEASING = YES;
				CLANG_WARN_BOOL_CONVERSION = YES;
				CLANG_WARN_COMMA = YES;
				CLANG_WARN_CONSTANT_CONVERSION = YES;
				CLANG_WARN_DEPRECATED_OBJC_IMPLEMENTATIONS = YES;
				CLANG_WARN_DIRECT_OBJC_ISA_USAGE = YES_ERROR;
				CLANG_WARN_EMPTY_BODY = YES;
				CLANG_WARN_ENUM_CONVERSION = YES;
				CLANG_WARN_INFINITE_RECURSION = YES;
				CLANG_WARN_INT_CONVERSION = YES;
				CLANG_WARN_NON_LITERAL_NULL_CONVERSION = YES;
				CLANG_WARN_OBJC_IMPLICIT_RETAIN_SELF = YES;
				CLANG_WARN_OBJC_LITERAL_CONVERSION = YES;
				CLANG_WARN_OBJC_ROOT_CLASS = YES_ERROR;
				CLANG_WARN_QUOTED_INCLUDE_IN_FRAMEWORK_HEADER = YES;
				CLANG_WARN_RANGE_LOOP_ANALYSIS = YES;
				CLANG_WARN_STRICT_PROTOTYPES = YES;
				CLANG_WARN_SUSPICIOUS_MOVE = YES;
				CLANG_WARN_UNREACHABLE_CODE = YES;
				CLANG_WARN__DUPLICATE_METHOD_MATCH = YES;
				"CODE_SIGN_IDENTITY[sdk=iphoneos*]" = "iPhone Developer";
				COPY_PHASE_STRIP = NO;
				ENABLE_STRICT_OBJC_MSGSEND = YES;
				ENABLE_TESTABILITY = YES;
				FRAMEWORK_SEARCH_PATHS = "$(PROJECT_DIR)";
				GCC_C_LANGUAGE_STANDARD = gnu99;
				GCC_DYNAMIC_NO_PIC = NO;
				GCC_NO_COMMON_BLOCKS = YES;
				GCC_OPTIMIZATION_LEVEL = 0;
				GCC_PREPROCESSOR_DEFINITIONS = (
					"DEBUG=1",
					"$(inherited)",
				);
				GCC_SYMBOLS_PRIVATE_EXTERN = NO;
				GCC_WARN_64_TO_32_BIT_CONVERSION = YES;
				GCC_WARN_ABOUT_RETURN_TYPE = YES_ERROR;
				GCC_WARN_UNDECLARED_SELECTOR = YES;
				GCC_WARN_UNINITIALIZED_AUTOS = YES_AGGRESSIVE;
				GCC_WARN_UNUSED_FUNCTION = YES;
				GCC_WARN_UNUSED_VARIABLE = YES;
				IPHONEOS_DEPLOYMENT_TARGET = 13.2;
				MTL_ENABLE_DEBUG_INFO = YES;
				ONLY_ACTIVE_ARCH = YES;
				SDKROOT = iphoneos;
			};
			name = Debug;
		};
		83CBBA211A601CBA00E9B192 /* Release */ = {
			isa = XCBuildConfiguration;
			buildSettings = {
				ALWAYS_SEARCH_USER_PATHS = NO;
				CLANG_ANALYZER_LOCALIZABILITY_NONLOCALIZED = YES;
				CLANG_CXX_LANGUAGE_STANDARD = "gnu++0x";
				CLANG_CXX_LIBRARY = "libc++";
				CLANG_ENABLE_MODULES = YES;
				CLANG_ENABLE_OBJC_ARC = YES;
				CLANG_WARN_BLOCK_CAPTURE_AUTORELEASING = YES;
				CLANG_WARN_BOOL_CONVERSION = YES;
				CLANG_WARN_COMMA = YES;
				CLANG_WARN_CONSTANT_CONVERSION = YES;
				CLANG_WARN_DEPRECATED_OBJC_IMPLEMENTATIONS = YES;
				CLANG_WARN_DIRECT_OBJC_ISA_USAGE = YES_ERROR;
				CLANG_WARN_EMPTY_BODY = YES;
				CLANG_WARN_ENUM_CONVERSION = YES;
				CLANG_WARN_INFINITE_RECURSION = YES;
				CLANG_WARN_INT_CONVERSION = YES;
				CLANG_WARN_NON_LITERAL_NULL_CONVERSION = YES;
				CLANG_WARN_OBJC_IMPLICIT_RETAIN_SELF = YES;
				CLANG_WARN_OBJC_LITERAL_CONVERSION = YES;
				CLANG_WARN_OBJC_ROOT_CLASS = YES_ERROR;
				CLANG_WARN_QUOTED_INCLUDE_IN_FRAMEWORK_HEADER = YES;
				CLANG_WARN_RANGE_LOOP_ANALYSIS = YES;
				CLANG_WARN_STRICT_PROTOTYPES = YES;
				CLANG_WARN_SUSPICIOUS_MOVE = YES;
				CLANG_WARN_UNREACHABLE_CODE = YES;
				CLANG_WARN__DUPLICATE_METHOD_MATCH = YES;
				"CODE_SIGN_IDENTITY[sdk=iphoneos*]" = "iPhone Developer";
				COPY_PHASE_STRIP = YES;
				ENABLE_NS_ASSERTIONS = NO;
				ENABLE_STRICT_OBJC_MSGSEND = YES;
				FRAMEWORK_SEARCH_PATHS = "$(PROJECT_DIR)";
				GCC_C_LANGUAGE_STANDARD = gnu99;
				GCC_NO_COMMON_BLOCKS = YES;
				GCC_WARN_64_TO_32_BIT_CONVERSION = YES;
				GCC_WARN_ABOUT_RETURN_TYPE = YES_ERROR;
				GCC_WARN_UNDECLARED_SELECTOR = YES;
				GCC_WARN_UNINITIALIZED_AUTOS = YES_AGGRESSIVE;
				GCC_WARN_UNUSED_FUNCTION = YES;
				GCC_WARN_UNUSED_VARIABLE = YES;
				IPHONEOS_DEPLOYMENT_TARGET = 13.2;
				MTL_ENABLE_DEBUG_INFO = NO;
				SDKROOT = iphoneos;
				SWIFT_COMPILATION_MODE = wholemodule;
				VALIDATE_PRODUCT = YES;
			};
			name = Release;
		};
/* End XCBuildConfiguration section */

/* Begin XCConfigurationList section */
		13B07F931A680F5B00A75B9A /* Build configuration list for PBXNativeTarget "WeActiveTribe" */ = {
			isa = XCConfigurationList;
			buildConfigurations = (
				13B07F941A680F5B00A75B9A /* Debug */,
				13B07F951A680F5B00A75B9A /* Release */,
			);
			defaultConfigurationIsVisible = 0;
			defaultConfigurationName = Release;
		};
		83CBB9FA1A601CBA00E9B192 /* Build configuration list for PBXProject "WeActiveTribe" */ = {
			isa = XCConfigurationList;
			buildConfigurations = (
				83CBBA201A601CBA00E9B192 /* Debug */,
				83CBBA211A601CBA00E9B192 /* Release */,
			);
			defaultConfigurationIsVisible = 0;
			defaultConfigurationName = Release;
		};
/* End XCConfigurationList section */
	};
	rootObject = 83CBB9F71A601CBA00E9B192 /* Project object */;
}
